
Microsoft Visual Studio Solution File, Format Version 12.00
# Visual Studio Version 17
VisualStudioVersion = 17.7.34009.444
MinimumVisualStudioVersion = 10.0.40219.1
Project("{9A19103F-16F7-4668-BE54-9A1E7A4F7556}") = "TestASP.Net", "TestASP.Net.csproj", "{5609A312-651C-486A-BCC8-3DF5905EBB8E}"
	ProjectSection(ProjectDependencies) = postProject
		{4DE8908E-CB75-4E55-9D25-7BBF4803C9A6} = {4DE8908E-CB75-4E55-9D25-7BBF4803C9A6}
		{89EC14F9-EBCF-43DB-BF8C-476ACB50B4CA} = {89EC14F9-EBCF-43DB-BF8C-476ACB50B4CA}
	EndProjectSection
EndProject
Project("{FAE04EC0-301F-11D3-BF4B-00C04F79EFBC}") = "Pixabay.DAL", "..\Pixabay.DAL\Pixabay.DAL.csproj", "{4DE8908E-CB75-4E55-9D25-7BBF4803C9A6}"
EndProject
Project("{FAE04EC0-301F-11D3-BF4B-00C04F79EFBC}") = "Pixabay.BLL", "..\Pixabay.BLL\Pixabay.BLL.csproj", "{89EC14F9-EBCF-43DB-BF8C-476ACB50B4CA}"
EndProject
Global
	GlobalSection(SolutionConfigurationPlatforms) = preSolution
		Debug|Any CPU = Debug|Any CPU
		Release|Any CPU = Release|Any CPU
	EndGlobalSection
	GlobalSection(ProjectConfigurationPlatforms) = postSolution
		{5609A312-651C-486A-BCC8-3DF5905EBB8E}.Debug|Any CPU.ActiveCfg = Debug|Any CPU
		{5609A312-651C-486A-BCC8-3DF5905EBB8E}.Debug|Any CPU.Build.0 = Debug|Any CPU
		{5609A312-651C-486A-BCC8-3DF5905EBB8E}.Release|Any CPU.ActiveCfg = Release|Any CPU
		{5609A312-651C-486A-BCC8-3DF5905EBB8E}.Release|Any CPU.Build.0 = Release|Any CPU
		{4DE8908E-CB75-4E55-9D25-7BBF4803C9A6}.Debug|Any CPU.ActiveCfg = Debug|Any CPU
		{4DE8908E-CB75-4E55-9D25-7BBF4803C9A6}.Debug|Any CPU.Build.0 = Debug|Any CPU
		{4DE8908E-CB75-4E55-9D25-7BBF4803C9A6}.Release|Any CPU.ActiveCfg = Release|Any CPU
		{4DE8908E-CB75-4E55-9D25-7BBF4803C9A6}.Release|Any CPU.Build.0 = Release|Any CPU
		{89EC14F9-EBCF-43DB-BF8C-476ACB50B4CA}.Debug|Any CPU.ActiveCfg = Debug|Any CPU
		{89EC14F9-EBCF-43DB-BF8C-476ACB50B4CA}.Debug|Any CPU.Build.0 = Debug|Any CPU
		{89EC14F9-EBCF-43DB-BF8C-476ACB50B4CA}.Release|Any CPU.ActiveCfg = Release|Any CPU
		{89EC14F9-EBCF-43DB-BF8C-476ACB50B4CA}.Release|Any CPU.Build.0 = Release|Any CPU
	EndGlobalSection
	GlobalSection(SolutionProperties) = preSolution
		HideSolutionNode = FALSE
	EndGlobalSection
	GlobalSection(ExtensibilityGlobals) = postSolution
		SolutionGuid = {8C4A903E-0EC2-4E67-9C75-20B30FE0F464}
	EndGlobalSection
EndGlobal
